
Microsoft Visual Studio Solution File, Format Version 12.00
# Visual Studio Version 17
VisualStudioVersion = 17.6.33723.286
MinimumVisualStudioVersion = 10.0.40219.1
Project("{FAE04EC0-301F-11D3-BF4B-00C04F79EFBC}") = "Numbers_Game", "Numbers_Game.csproj", "{62A97FA5-12EB-45E6-B9F4-32A939F387FD}"
EndProject
Global
	GlobalSection(SolutionConfigurationPlatforms) = preSolution
		Debug|Any CPU = Debug|Any CPU
		Release|Any CPU = Release|Any CPU
	EndGlobalSection
	GlobalSection(ProjectConfigurationPlatforms) = postSolution
		{62A97FA5-12EB-45E6-B9F4-32A939F387FD}.Debug|Any CPU.ActiveCfg = Debug|Any CPU
		{62A97FA5-12EB-45E6-B9F4-32A939F387FD}.Debug|Any CPU.Build.0 = Debug|Any CPU
		{62A97FA5-12EB-45E6-B9F4-32A939F387FD}.Release|Any CPU.ActiveCfg = Release|Any CPU
		{62A97FA5-12EB-45E6-B9F4-32A939F387FD}.Release|Any CPU.Build.0 = Release|Any CPU
	EndGlobalSection
	GlobalSection(SolutionProperties) = preSolution
		HideSolutionNode = FALSE
	EndGlobalSection
	GlobalSection(ExtensibilityGlobals) = postSolution
		SolutionGuid = {FE0B31F9-B882-4809-9BE9-9679B5D63531}
	EndGlobalSection
EndGlobal
